
Microsoft Visual Studio Solution File, Format Version 12.00
# Visual Studio Version 17
VisualStudioVersion = 17.1.32319.34
MinimumVisualStudioVersion = 10.0.40219.1
Project("{9A19103F-16F7-4668-BE54-9A1E7A4F7556}") = "WebServer", "WebServer\WebServer.csproj", "{D836D69F-2F31-4A65-95AB-4968F39CDD25}"
EndProject
Project("{9A19103F-16F7-4668-BE54-9A1E7A4F7556}") = "CleaningDLL", "CleaningDLL\CleaningDLL.csproj", "{2BAA7DAF-4F17-4260-8E28-4B064E75F280}"
EndProject
Global
	GlobalSection(SolutionConfigurationPlatforms) = preSolution
		Debug|Any CPU = Debug|Any CPU
		Release|Any CPU = Release|Any CPU
	EndGlobalSection
	GlobalSection(ProjectConfigurationPlatforms) = postSolution
		{D836D69F-2F31-4A65-95AB-4968F39CDD25}.Debug|Any CPU.ActiveCfg = Debug|Any CPU
		{D836D69F-2F31-4A65-95AB-4968F39CDD25}.Debug|Any CPU.Build.0 = Debug|Any CPU
		{D836D69F-2F31-4A65-95AB-4968F39CDD25}.Release|Any CPU.ActiveCfg = Release|Any CPU
		{D836D69F-2F31-4A65-95AB-4968F39CDD25}.Release|Any CPU.Build.0 = Release|Any CPU
		{2BAA7DAF-4F17-4260-8E28-4B064E75F280}.Debug|Any CPU.ActiveCfg = Debug|Any CPU
		{2BAA7DAF-4F17-4260-8E28-4B064E75F280}.Debug|Any CPU.Build.0 = Debug|Any CPU
		{2BAA7DAF-4F17-4260-8E28-4B064E75F280}.Release|Any CPU.ActiveCfg = Release|Any CPU
		{2BAA7DAF-4F17-4260-8E28-4B064E75F280}.Release|Any CPU.Build.0 = Release|Any CPU
	EndGlobalSection
	GlobalSection(SolutionProperties) = preSolution
		HideSolutionNode = FALSE
	EndGlobalSection
	GlobalSection(ExtensibilityGlobals) = postSolution
		SolutionGuid = {D71C5DAA-8E9F-42B7-86EF-6D0DA55E2E86}
	EndGlobalSection
EndGlobal
